Microsoft Visual Studio Solution File, Format Version 12.00
# Visual Studio Version 17
VisualStudioVersion = 17.5.2.0
MinimumVisualStudioVersion = 10.0.40219.1
Project("{FAE04EC0-301F-11D3-BF4B-00C04F79EFBC}") = "csharp_bot", "csharp_bot\csharp_bot.csproj", "{3F5BA2CD-32B8-2ACF-CF9E-04F577FB8107}"
EndProject
Global
	GlobalSection(SolutionConfigurationPlatforms) = preSolution
		Debug|Any CPU = Debug|Any CPU
		Release|Any CPU = Release|Any CPU
	EndGlobalSection
	GlobalSection(ProjectConfigurationPlatforms) = postSolution
		{3F5BA2CD-32B8-2ACF-CF9E-04F577FB8107}.Debug|Any CPU.ActiveCfg = Debug|Any CPU
		{3F5BA2CD-32B8-2ACF-CF9E-04F577FB8107}.Debug|Any CPU.Build.0 = Debug|Any CPU
		{3F5BA2CD-32B8-2ACF-CF9E-04F577FB8107}.Release|Any CPU.ActiveCfg = Release|Any CPU
		{3F5BA2CD-32B8-2ACF-CF9E-04F577FB8107}.Release|Any CPU.Build.0 = Release|Any CPU
	EndGlobalSection
	GlobalSection(SolutionProperties) = preSolution
		HideSolutionNode = FALSE
	EndGlobalSection
	GlobalSection(ExtensibilityGlobals) = postSolution
		SolutionGuid = {F2938183-2C36-4358-901A-7A25A3D14F95}
	EndGlobalSection
EndGlobal
